
Microsoft Visual Studio Solution File, Format Version 12.00
# Visual Studio 14
VisualStudioVersion = 14.0.25420.1
MinimumVisualStudioVersion = 10.0.40219.1
Project("{FAE04EC0-301F-11D3-BF4B-00C04F79EFBC}") = "UI", "UI\UI.csproj", "{9B01F00B-A999-4C39-AFAA-8759C7C838F8}"
EndProject
Project("{FAE04EC0-301F-11D3-BF4B-00C04F79EFBC}") = "BL", "BL\BL.csproj", "{676834A1-7D31-40F9-95C0-1E58E251F71C}"
EndProject
Project("{FAE04EC0-301F-11D3-BF4B-00C04F79EFBC}") = "Domain", "Domain\Domain.csproj", "{7EFBF52F-EFDF-4E4A-B5FD-3A14FBD0B203}"
EndProject
Project("{FAE04EC0-301F-11D3-BF4B-00C04F79EFBC}") = "DAL", "DAL\DAL.csproj", "{715D85B2-0DEA-4665-B00A-D180628EF6FB}"
EndProject
Global
	GlobalSection(SolutionConfigurationPlatforms) = preSolution
		Debug|Any CPU = Debug|Any CPU
		Release|Any CPU = Release|Any CPU
	EndGlobalSection
	GlobalSection(ProjectConfigurationPlatforms) = postSolution
		{9B01F00B-A999-4C39-AFAA-8759C7C838F8}.Debug|Any CPU.ActiveCfg = Debug|Any CPU
		{9B01F00B-A999-4C39-AFAA-8759C7C838F8}.Debug|Any CPU.Build.0 = Debug|Any CPU
		{9B01F00B-A999-4C39-AFAA-8759C7C838F8}.Release|Any CPU.ActiveCfg = Release|Any CPU
		{9B01F00B-A999-4C39-AFAA-8759C7C838F8}.Release|Any CPU.Build.0 = Release|Any CPU
		{676834A1-7D31-40F9-95C0-1E58E251F71C}.Debug|Any CPU.ActiveCfg = Debug|Any CPU
		{676834A1-7D31-40F9-95C0-1E58E251F71C}.Debug|Any CPU.Build.0 = Debug|Any CPU
		{676834A1-7D31-40F9-95C0-1E58E251F71C}.Release|Any CPU.ActiveCfg = Release|Any CPU
		{676834A1-7D31-40F9-95C0-1E58E251F71C}.Release|Any CPU.Build.0 = Release|Any CPU
		{7EFBF52F-EFDF-4E4A-B5FD-3A14FBD0B203}.Debug|Any CPU.ActiveCfg = Debug|Any CPU
		{7EFBF52F-EFDF-4E4A-B5FD-3A14FBD0B203}.Debug|Any CPU.Build.0 = Debug|Any CPU
		{7EFBF52F-EFDF-4E4A-B5FD-3A14FBD0B203}.Release|Any CPU.ActiveCfg = Release|Any CPU
		{7EFBF52F-EFDF-4E4A-B5FD-3A14FBD0B203}.Release|Any CPU.Build.0 = Release|Any CPU
		{715D85B2-0DEA-4665-B00A-D180628EF6FB}.Debug|Any CPU.ActiveCfg = Debug|Any CPU
		{715D85B2-0DEA-4665-B00A-D180628EF6FB}.Debug|Any CPU.Build.0 = Debug|Any CPU
		{715D85B2-0DEA-4665-B00A-D180628EF6FB}.Release|Any CPU.ActiveCfg = Release|Any CPU
		{715D85B2-0DEA-4665-B00A-D180628EF6FB}.Release|Any CPU.Build.0 = Release|Any CPU
	EndGlobalSection
	GlobalSection(SolutionProperties) = preSolution
		HideSolutionNode = FALSE
	EndGlobalSection
EndGlobal
